
Microsoft Visual Studio Solution File, Format Version 12.00
# Visual Studio Version 17
VisualStudioVersion = 17.1.32407.343
MinimumVisualStudioVersion = 10.0.40219.1
Project("{FAE04EC0-301F-11D3-BF4B-00C04F79EFBC}") = "Osborne_Assignment3", "Osborne_Assignment3.csproj", "{4503ADC1-961C-40B5-80EF-56701FC99563}"
EndProject
Global
	GlobalSection(SolutionConfigurationPlatforms) = preSolution
		Debug|Any CPU = Debug|Any CPU
		Release|Any CPU = Release|Any CPU
	EndGlobalSection
	GlobalSection(ProjectConfigurationPlatforms) = postSolution
		{4503ADC1-961C-40B5-80EF-56701FC99563}.Debug|Any CPU.ActiveCfg = Debug|Any CPU
		{4503ADC1-961C-40B5-80EF-56701FC99563}.Debug|Any CPU.Build.0 = Debug|Any CPU
		{4503ADC1-961C-40B5-80EF-56701FC99563}.Release|Any CPU.ActiveCfg = Release|Any CPU
		{4503ADC1-961C-40B5-80EF-56701FC99563}.Release|Any CPU.Build.0 = Release|Any CPU
	EndGlobalSection
	GlobalSection(SolutionProperties) = preSolution
		HideSolutionNode = FALSE
	EndGlobalSection
	GlobalSection(ExtensibilityGlobals) = postSolution
		SolutionGuid = {CFDCB528-FF33-4C55-A0A3-84A79CDB8A01}
	EndGlobalSection
EndGlobal
